// !$*UTF8*$!
{
	archiveVersion = 1;
	classes = {
	};
	objectVersion = 50;
	objects = {

/* Begin PBXBuildFile section */
		3E956077243BAEF900EF60D9 /* UserInfo.swift in Sources */ = {isa = PBXBuildFile; fileRef = 3E956076243BAEF900EF60D9 /* UserInfo.swift */; };
		3EE6E8C823F9B97500A76242 /* AppDelegate.swift in Sources */ = {isa = PBXBuildFile; fileRef = 3EE6E8C723F9B97500A76242 /* AppDelegate.swift */; };
		3EE6E8CA23F9B97500A76242 /* SceneDelegate.swift in Sources */ = {isa = PBXBuildFile; fileRef = 3EE6E8C923F9B97500A76242 /* SceneDelegate.swift */; };
		3EE6E8CC23F9B97500A76242 /* ViewController.swift in Sources */ = {isa = PBXBuildFile; fileRef = 3EE6E8CB23F9B97500A76242 /* ViewController.swift */; };
		3EE6E8CF23F9B97500A76242 /* Main.storyboard in Resources */ = {isa = PBXBuildFile; fileRef = 3EE6E8CD23F9B97500A76242 /* Main.storyboard */; };
		3EE6E8D123F9B97500A76242 /* Assets.xcassets in Resources */ = {isa = PBXBuildFile; fileRef = 3EE6E8D023F9B97500A76242 /* Assets.xcassets */; };
		3EE6E8D423F9B97500A76242 /* LaunchScreen.storyboard in Resources */ = {isa = PBXBuildFile; fileRef = 3EE6E8D223F9B97500A76242 /* LaunchScreen.storyboard */; };
/* End PBXBuildFile section */

/* Begin PBXFileReference section */
		3E956076243BAEF900EF60D9 /* UserInfo.swift */ = {isa = PBXFileReference; lastKnownFileType = sourcecode.swift; path = UserInfo.swift; sourceTree = "<group>"; };
		3EE6E8C423F9B97500A76242 /* Signin-UIKitandCombine.app */ = {isa = PBXFileReference; explicitFileType = wrapper.application; includeInIndex = 0; path = "Signin-UIKitandCombine.app"; sourceTree = BUILT_PRODUCTS_DIR; };
		3EE6E8C723F9B97500A76242 /* AppDelegate.swift */ = {isa = PBXFileReference; lastKnownFileType = sourcecode.swift; path = AppDelegate.swift; sourceTree = "<group>"; };
		3EE6E8C923F9B97500A76242 /* SceneDelegate.swift */ = {isa = PBXFileReference; lastKnownFileType = sourcecode.swift; path = SceneDelegate.swift; sourceTree = "<group>"; };
		3EE6E8CB23F9B97500A76242 /* ViewController.swift */ = {isa = PBXFileReference; lastKnownFileType = sourcecode.swift; path = ViewController.swift; sourceTree = "<group>"; };
		3EE6E8CE23F9B97500A76242 /* Base */ = {isa = PBXFileReference; lastKnownFileType = file.storyboard; name = Base; path = Base.lproj/Main.storyboard; sourceTree = "<group>"; };
		3EE6E8D023F9B97500A76242 /* Assets.xcassets */ = {isa = PBXFileReference; lastKnownFileType = folder.assetcatalog; path = Assets.xcassets; sourceTree = "<group>"; };
		3EE6E8D323F9B97500A76242 /* Base */ = {isa = PBXFileReference; lastKnownFileType = file.storyboard; name = Base; path = Base.lproj/LaunchScreen.storyboard; sourceTree = "<group>"; };
		3EE6E8D523F9B97500A76242 /* Info.plist */ = {isa = PBXFileReference; lastKnownFileType = text.plist.xml; path = Info.plist; sourceTree = "<group>"; };
/* End PBXFileReference section */

/* Begin PBXFrameworksBuildPhase section */
		3EE6E8C123F9B97500A76242 /* Frameworks */ = {
			isa = PBXFrameworksBuildPhase;
			buildActionMask = 2147483647;
			files = (
			);
			runOnlyForDeploymentPostprocessing = 0;
		};
/* End PBXFrameworksBuildPhase section */

/* Begin PBXGroup section */
		3EE6E8BB23F9B97500A76242 = {
			isa = PBXGroup;
			children = (
				3EE6E8C623F9B97500A76242 /* Signin-UIKitandCombine */,
				3EE6E8C523F9B97500A76242 /* Products */,
			);
			sourceTree = "<group>";
		};
		3EE6E8C523F9B97500A76242 /* Products */ = {
			isa = PBXGroup;
			children = (
				3EE6E8C423F9B97500A76242 /* Signin-UIKitandCombine.app */,
			);
			name = Products;
			sourceTree = "<group>";
		};
		3EE6E8C623F9B97500A76242 /* Signin-UIKitandCombine */ = {
			isa = PBXGroup;
			children = (
				3EE6E8C723F9B97500A76242 /* AppDelegate.swift */,
				3EE6E8C923F9B97500A76242 /* SceneDelegate.swift */,
				3EE6E8CB23F9B97500A76242 /* ViewController.swift */,
				3EE6E8CD23F9B97500A76242 /* Main.storyboard */,
				3EE6E8D023F9B97500A76242 /* Assets.xcassets */,
				3EE6E8D223F9B97500A76242 /* LaunchScreen.storyboard */,
				3EE6E8D523F9B97500A76242 /* Info.plist */,
				3E956076243BAEF900EF60D9 /* UserInfo.swift */,
			);
			path = "Signin-UIKitandCombine";
			sourceTree = "<group>";
		};
/* End PBXGroup section */

/* Begin PBXNativeTarget section */
		3EE6E8C323F9B97500A76242 /* Signin-UIKitandCombine */ = {
			isa = PBXNativeTarget;
			buildConfigurationList = 3EE6E8D823F9B97500A76242 /* Build configuration list for PBXNativeTarget "Signin-UIKitandCombine" */;
			buildPhases = (
				3EE6E8C023F9B97500A76242 /* Sources */,
				3EE6E8C123F9B97500A76242 /* Frameworks */,
				3EE6E8C223F9B97500A76242 /* Resources */,
			);
			buildRules = (
			);
			dependencies = (
			);
			name = "Signin-UIKitandCombine";
			productName = "Signin-UIKitandCombine";
			productReference = 3EE6E8C423F9B97500A76242 /* Signin-UIKitandCombine.app */;
			productType = "com.apple.product-type.application";
		};
/* End PBXNativeTarget section */

/* Begin PBXProject section */
		3EE6E8BC23F9B97500A76242 /* Project object */ = {
			isa = PBXProject;
			attributes = {
				LastSwiftUpdateCheck = 1140;
				LastUpgradeCheck = 1140;
				ORGANIZATIONNAME = "Gary Hanson";
				TargetAttributes = {
					3EE6E8C323F9B97500A76242 = {
						CreatedOnToolsVersion = 11.4;
					};
				};
			};
			buildConfigurationList = 3EE6E8BF23F9B97500A76242 /* Build configuration list for PBXProject "Signin-UIKitandCombine" */;
			compatibilityVersion = "Xcode 9.3";
			developmentRegion = en;
			hasScannedForEncodings = 0;
			knownRegions = (
				en,
				Base,
			);
			mainGroup = 3EE6E8BB23F9B97500A76242;
			productRefGroup = 3EE6E8C523F9B97500A76242 /* Products */;
			projectDirPath = "";
			projectRoot = "";
			targets = (
				3EE6E8C323F9B97500A76242 /* Signin-UIKitandCombine */,
			);
		};
/* End PBXProject section */

/* Begin PBXResourcesBuildPhase section */
		3EE6E8C223F9B97500A76242 /* Resources */ = {
			isa = PBXResourcesBuildPhase;
			buildActionMask = 2147483647;
			files = (
				3EE6E8D423F9B97500A76242 /* LaunchScreen.storyboard in Resources */,
				3EE6E8D123F9B97500A76242 /* Assets.xcassets in Resources */,
				3EE6E8CF23F9B97500A76242 /* Main.storyboard in Resources */,
			);
			runOnlyForDeploymentPostprocessing = 0;
		};
/* End PBXResourcesBuildPhase section */

/* Begin PBXSourcesBuildPhase section */
		3EE6E8C023F9B97500A76242 /* Sources */ = {
			isa = PBXSourcesBuildPhase;
			buildActionMask = 2147483647;
			files = (
				3E956077243BAEF900EF60D9 /* UserInfo.swift in Sources */,
				3EE6E8CC23F9B97500A76242 /* ViewController.swift in Sources */,
				3EE6E8C823F9B97500A76242 /* AppDelegate.swift in Sources */,
				3EE6E8CA23F9B97500A76242 /* SceneDelegate.swift in Sources */,
			);
			runOnlyForDeploymentPostprocessing = 0;
		};
/* End PBXSourcesBuildPhase section */

/* Begin PBXVariantGroup section */
		3EE6E8CD23F9B97500A76242 /* Main.storyboard */ = {
			isa = PBXVariantGroup;
			children = (
				3EE6E8CE23F9B97500A76242 /* Base */,
			);
			name = Main.storyboard;
			sourceTree = "<group>";
		};
		3EE6E8D223F9B97500A76242 /* LaunchScreen.storyboard */ = {
			isa = PBXVariantGroup;
			children = (
				3EE6E8D323F9B97500A76242 /* Base */,
			);
			name = LaunchScreen.storyboard;
			sourceTree = "<group>";
		};
/* End PBXVariantGroup section */

/* Begin XCBuildConfiguration section */
		3EE6E8D623F9B97500A76242 /* Debug */ = {
			isa = XCBuildConfiguration;
			buildSettings = {
				ALWAYS_SEARCH_USER_PATHS = NO;
				CLANG_ANALYZER_NONNULL = YES;
				CLANG_ANALYZER_NUMBER_OBJECT_CONVERSION = YES_AGGRESSIVE;
				CLANG_CXX_LANGUAGE_STANDARD = "gnu++14";
				CLANG_CXX_LIBRARY = "libc++";
				CLANG_ENABLE_MODULES = YES;
				CLANG_ENABLE_OBJC_ARC = YES;
				CLANG_ENABLE_OBJC_WEAK = YES;
				CLANG_WARN_BLOCK_CAPTURE_AUTORELEASING = YES;
				CLANG_WARN_BOOL_CONVERSION = YES;
				CLANG_WARN_COMMA = YES;
				CLANG_WARN_CONSTANT_CONVERSION = YES;
				CLANG_WARN_DEPRECATED_OBJC_IMPLEMENTATIONS = YES;
				CLANG_WARN_DIRECT_OBJC_ISA_USAGE = YES_ERROR;
				CLANG_WARN_DOCUMENTATION_COMMENTS = YES;
				CLANG_WARN_EMPTY_BODY = YES;
				CLANG_WARN_ENUM_CONVERSION = YES;
				CLANG_WARN_INFINITE_RECURSION = YES;
				CLANG_WARN_INT_CONVERSION = YES;
				CLANG_WARN_NON_LITERAL_NULL_CONVERSION = YES;
				CLANG_WARN_OBJC_IMPLICIT_RETAIN_SELF = YES;
				CLANG_WARN_OBJC_LITERAL_CONVERSION = YES;
				CLANG_WARN_OBJC_ROOT_CLASS = YES_ERROR;
				CLANG_WARN_RANGE_LOOP_ANALYSIS = YES;
				CLANG_WARN_STRICT_PROTOTYPES = YES;
				CLANG_WARN_SUSPICIOUS_MOVE = YES;
				CLANG_WARN_UNGUARDED_AVAILABILITY = YES_AGGRESSIVE;
				CLANG_WARN_UNREACHABLE_CODE = YES;
				CLANG_WARN__DUPLICATE_METHOD_MATCH = YES;
				COPY_PHASE_STRIP = NO;
				DEBUG_INFORMATION_FORMAT = dwarf;
				ENABLE_STRICT_OBJC_MSGSEND = YES;
				ENABLE_TESTABILITY = YES;
				GCC_C_LANGUAGE_STANDARD = gnu11;
				GCC_DYNAMIC_NO_PIC = NO;
				GCC_NO_COMMON_BLOCKS = YES;
				GCC_OPTIMIZATION_LEVEL = 0;
				GCC_PREPROCESSOR_DEFINITIONS = (
					"DEBUG=1",
					"$(inherited)",
				);
				GCC_WARN_64_TO_32_BIT_CONVERSION = YES;
				GCC_WARN_ABOUT_RETURN_TYPE = YES_ERROR;
				GCC_WARN_UNDECLARED_SELECTOR = YES;
				GCC_WARN_UNINITIALIZED_AUTOS = YES_AGGRESSIVE;
				GCC_WARN_UNUSED_FUNCTION = YES;
				GCC_WARN_UNUSED_VARIABLE = YES;
				IPHONEOS_DEPLOYMENT_TARGET = 13.4;
				MTL_ENABLE_DEBUG_INFO = INCLUDE_SOURCE;
				MTL_FAST_MATH = YES;
				ONLY_ACTIVE_ARCH = YES;
				SDKROOT = iphoneos;
				SWIFT_ACTIVE_COMPILATION_CONDITIONS = DEBUG;
				SWIFT_OPTIMIZATION_LEVEL = "-Onone";
			};
			name = Debug;
		};
		3EE6E8D723F9B97500A76242 /* Release */ = {
			isa = XCBuildConfiguration;
			buildSettings = {
				ALWAYS_SEARCH_USER_PATHS = NO;
				CLANG_ANALYZER_NONNULL = YES;
				CLANG_ANALYZER_NUMBER_OBJECT_CONVERSION = YES_AGGRESSIVE;
				CLANG_CXX_LANGUAGE_STANDARD = "gnu++14";
				CLANG_CXX_LIBRARY = "libc++";
				CLANG_ENABLE_MODULES = YES;
				CLANG_ENABLE_OBJC_ARC = YES;
				CLANG_ENABLE_OBJC_WEAK = YES;
				CLANG_WARN_BLOCK_CAPTURE_AUTORELEASING = YES;
				CLANG_WARN_BOOL_CONVERSION = YES;
				CLANG_WARN_COMMA = YES;
				CLANG_WARN_CONSTANT_CONVERSION = YES;
				CLANG_WARN_DEPRECATED_OBJC_IMPLEMENTATIONS = YES;
				CLANG_WARN_DIRECT_OBJC_ISA_USAGE = YES_ERROR;
				CLANG_WARN_DOCUMENTATION_COMMENTS = YES;
				CLANG_WARN_EMPTY_BODY = YES;
				CLANG_WARN_ENUM_CONVERSION = YES;
				CLANG_WARN_INFINITE_RECURSION = YES;
				CLANG_WARN_INT_CONVERSION = YES;
				CLANG_WARN_NON_LITERAL_NULL_CONVERSION = YES;
				CLANG_WARN_OBJC_IMPLICIT_RETAIN_SELF = YES;
				CLANG_WARN_OBJC_LITERAL_CONVERSION = YES;
				CLANG_WARN_OBJC_ROOT_CLASS = YES_ERROR;
				CLANG_WARN_RANGE_LOOP_ANALYSIS = YES;
				CLANG_WARN_STRICT_PROTOTYPES = YES;
				CLANG_WARN_SUSPICIOUS_MOVE = YES;
				CLANG_WARN_UNGUARDED_AVAILABILITY = YES_AGGRESSIVE;
				CLANG_WARN_UNREACHABLE_CODE = YES;
				CLANG_WARN__DUPLICATE_METHOD_MATCH = YES;
				COPY_PHASE_STRIP = NO;
				DEBUG_INFORMATION_FORMAT = "dwarf-with-dsym";
				ENABLE_NS_ASSERTIONS = NO;
				ENABLE_STRICT_OBJC_MSGSEND = YES;
				GCC_C_LANGUAGE_STANDARD = gnu11;
				GCC_NO_COMMON_BLOCKS = YES;
				GCC_WARN_64_TO_32_BIT_CONVERSION = YES;
				GCC_WARN_ABOUT_RETURN_TYPE = YES_ERROR;
				GCC_WARN_UNDECLARED_SELECTOR = YES;
				GCC_WARN_UNINITIALIZED_AUTOS = YES_AGGRESSIVE;
				GCC_WARN_UNUSED_FUNCTION = YES;
				GCC_WARN_UNUSED_VARIABLE = YES;
				IPHONEOS_DEPLOYMENT_TARGET = 13.4;
				MTL_ENABLE_DEBUG_INFO = NO;
				MTL_FAST_MATH = YES;
				SDKROOT = iphoneos;
				SWIFT_COMPILATION_MODE = wholemodule;
				SWIFT_OPTIMIZATION_LEVEL = "-O";
				VALIDATE_PRODUCT = YES;
			};
			name = Release;
		};
		3EE6E8D923F9B97500A76242 /* Debug */ = {
			isa = XCBuildConfiguration;
			buildSettings = {
				ASSETCATALOG_COMPILER_APPICON_NAME = AppIcon;
				CODE_SIGN_STYLE = Automatic;
				DEVELOPMENT_TEAM = "";
				INFOPLIST_FILE = "Signin-UIKitandCombine/Info.plist";
				LD_RUNPATH_SEARCH_PATHS = (
					"$(inherited)",
					"@executable_path/Frameworks",
				);
				PRODUCT_BUNDLE_IDENTIFIER = "com.gary.Signin-UIKitandCombine";
				PRODUCT_NAME = "$(TARGET_NAME)";
				SWIFT_VERSION = 5.0;
				TARGETED_DEVICE_FAMILY = "1,2";
			};
			name = Debug;
		};
		3EE6E8DA23F9B97500A76242 /* Release */ = {
			isa = XCBuildConfiguration;
			buildSettings = {
				ASSETCATALOG_COMPILER_APPICON_NAME = AppIcon;
				CODE_SIGN_STYLE = Automatic;
				DEVELOPMENT_TEAM = "";
				INFOPLIST_FILE = "Signin-UIKitandCombine/Info.plist";
				LD_RUNPATH_SEARCH_PATHS = (
					"$(inherited)",
					"@executable_path/Frameworks",
				);
				PRODUCT_BUNDLE_IDENTIFIER = "com.gary.Signin-UIKitandCombine";
				PRODUCT_NAME = "$(TARGET_NAME)";
				SWIFT_VERSION = 5.0;
				TARGETED_DEVICE_FAMILY = "1,2";
			};
			name = Release;
		};
/* End XCBuildConfiguration section */

/* Begin XCConfigurationList section */
		3EE6E8BF23F9B97500A76242 /* Build configuration list for PBXProject "Signin-UIKitandCombine" */ = {
			isa = XCConfigurationList;
			buildConfigurations = (
				3EE6E8D623F9B97500A76242 /* Debug */,
				3EE6E8D723F9B97500A76242 /* Release */,
			);
			defaultConfigurationIsVisible = 0;
			defaultConfigurationName = Release;
		};
		3EE6E8D823F9B97500A76242 /* Build configuration list for PBXNativeTarget "Signin-UIKitandCombine" */ = {
			isa = XCConfigurationList;
			buildConfigurations = (
				3EE6E8D923F9B97500A76242 /* Debug */,
				3EE6E8DA23F9B97500A76242 /* Release */,
			);
			defaultConfigurationIsVisible = 0;
			defaultConfigurationName = Release;
		};
/* End XCConfigurationList section */
	};
	rootObject = 3EE6E8BC23F9B97500A76242 /* Project object */;
}
